
Microsoft Visual Studio Solution File, Format Version 12.00
# Visual Studio Version 16
VisualStudioVersion = 16.0.29519.87
MinimumVisualStudioVersion = 10.0.40219.1
Project("{FAE04EC0-301F-11D3-BF4B-00C04F79EFBC}") = "ReviewAnalyzerAPI", "ReviewAnalyzerAPI\ReviewAnalyzerAPI.csproj", "{BF0C8468-558A-4803-BFD5-3E6939EF41BA}"
EndProject
Project("{FAE04EC0-301F-11D3-BF4B-00C04F79EFBC}") = "ReviewAnalyzerWeb", "ReviewAnalyzerWeb\ReviewAnalyzerWeb.csproj", "{DE5067EB-B5DE-4A89-8FE8-8BD4AE7DACC8}"
EndProject
Global
	GlobalSection(SolutionConfigurationPlatforms) = preSolution
		Debug|Any CPU = Debug|Any CPU
		Debug|x64 = Debug|x64
		Release|Any CPU = Release|Any CPU
		Release|x64 = Release|x64
	EndGlobalSection
	GlobalSection(ProjectConfigurationPlatforms) = postSolution
		{BF0C8468-558A-4803-BFD5-3E6939EF41BA}.Debug|Any CPU.ActiveCfg = Debug|Any CPU
		{BF0C8468-558A-4803-BFD5-3E6939EF41BA}.Debug|Any CPU.Build.0 = Debug|Any CPU
		{BF0C8468-558A-4803-BFD5-3E6939EF41BA}.Debug|x64.ActiveCfg = Debug|Any CPU
		{BF0C8468-558A-4803-BFD5-3E6939EF41BA}.Debug|x64.Build.0 = Debug|Any CPU
		{BF0C8468-558A-4803-BFD5-3E6939EF41BA}.Release|Any CPU.ActiveCfg = Release|Any CPU
		{BF0C8468-558A-4803-BFD5-3E6939EF41BA}.Release|Any CPU.Build.0 = Release|Any CPU
		{BF0C8468-558A-4803-BFD5-3E6939EF41BA}.Release|x64.ActiveCfg = Release|Any CPU
		{BF0C8468-558A-4803-BFD5-3E6939EF41BA}.Release|x64.Build.0 = Release|Any CPU
		{DE5067EB-B5DE-4A89-8FE8-8BD4AE7DACC8}.Debug|Any CPU.ActiveCfg = Debug|Any CPU
		{DE5067EB-B5DE-4A89-8FE8-8BD4AE7DACC8}.Debug|Any CPU.Build.0 = Debug|Any CPU
		{DE5067EB-B5DE-4A89-8FE8-8BD4AE7DACC8}.Debug|x64.ActiveCfg = Debug|Any CPU
		{DE5067EB-B5DE-4A89-8FE8-8BD4AE7DACC8}.Debug|x64.Build.0 = Debug|Any CPU
		{DE5067EB-B5DE-4A89-8FE8-8BD4AE7DACC8}.Release|Any CPU.ActiveCfg = Release|Any CPU
		{DE5067EB-B5DE-4A89-8FE8-8BD4AE7DACC8}.Release|Any CPU.Build.0 = Release|Any CPU
		{DE5067EB-B5DE-4A89-8FE8-8BD4AE7DACC8}.Release|x64.ActiveCfg = Release|Any CPU
		{DE5067EB-B5DE-4A89-8FE8-8BD4AE7DACC8}.Release|x64.Build.0 = Release|Any CPU
	EndGlobalSection
	GlobalSection(SolutionProperties) = preSolution
		HideSolutionNode = FALSE
	EndGlobalSection
	GlobalSection(ExtensibilityGlobals) = postSolution
		SolutionGuid = {D0EB7F2B-9BE2-45EA-9C06-E9FA1C67DC1B}
	EndGlobalSection
EndGlobal
